
Microsoft Visual Studio Solution File, Format Version 12.00
# Visual Studio Version 16
VisualStudioVersion = 16.0.34729.46
MinimumVisualStudioVersion = 10.0.40219.1
Project("{FAE04EC0-301F-11D3-BF4B-00C04F79EFBC}") = "TaskManagement", "TaskManagement\TaskManagement.csproj", "{6139B29C-C002-494B-BBAE-6D885703D1D0}"
EndProject
Project("{FAE04EC0-301F-11D3-BF4B-00C04F79EFBC}") = "TaskManagement_Helper", "TaskManagement_Helper\TaskManagement_Helper.csproj", "{E74A3ECD-D077-42C1-8ED8-069F77AD990B}"
EndProject
Project("{FAE04EC0-301F-11D3-BF4B-00C04F79EFBC}") = "TaskManagement_Model", "TaskManagement_Model\TaskManagement_Model.csproj", "{CDFD5CEF-5C8A-4379-A9C8-A025B6B80ADB}"
EndProject
Project("{FAE04EC0-301F-11D3-BF4B-00C04F79EFBC}") = "Taskmanagement_Repository", "Taskmanagement_Repository\Taskmanagement_Repository.csproj", "{C4246F92-EB27-4F8E-8537-E55166D1F5EB}"
EndProject
Project("{FAE04EC0-301F-11D3-BF4B-00C04F79EFBC}") = "TaskManagementAPI", "TaskManagementAPI\TaskManagementAPI.csproj", "{F93B968A-3924-49D7-9FE6-E45B6AA61C1E}"
EndProject
Global
	GlobalSection(SolutionConfigurationPlatforms) = preSolution
		Debug|Any CPU = Debug|Any CPU
		Release|Any CPU = Release|Any CPU
	EndGlobalSection
	GlobalSection(ProjectConfigurationPlatforms) = postSolution
		{6139B29C-C002-494B-BBAE-6D885703D1D0}.Debug|Any CPU.ActiveCfg = Debug|Any CPU
		{6139B29C-C002-494B-BBAE-6D885703D1D0}.Debug|Any CPU.Build.0 = Debug|Any CPU
		{6139B29C-C002-494B-BBAE-6D885703D1D0}.Release|Any CPU.ActiveCfg = Release|Any CPU
		{6139B29C-C002-494B-BBAE-6D885703D1D0}.Release|Any CPU.Build.0 = Release|Any CPU
		{E74A3ECD-D077-42C1-8ED8-069F77AD990B}.Debug|Any CPU.ActiveCfg = Debug|Any CPU
		{E74A3ECD-D077-42C1-8ED8-069F77AD990B}.Debug|Any CPU.Build.0 = Debug|Any CPU
		{E74A3ECD-D077-42C1-8ED8-069F77AD990B}.Release|Any CPU.ActiveCfg = Release|Any CPU
		{E74A3ECD-D077-42C1-8ED8-069F77AD990B}.Release|Any CPU.Build.0 = Release|Any CPU
		{CDFD5CEF-5C8A-4379-A9C8-A025B6B80ADB}.Debug|Any CPU.ActiveCfg = Debug|Any CPU
		{CDFD5CEF-5C8A-4379-A9C8-A025B6B80ADB}.Debug|Any CPU.Build.0 = Debug|Any CPU
		{CDFD5CEF-5C8A-4379-A9C8-A025B6B80ADB}.Release|Any CPU.ActiveCfg = Release|Any CPU
		{CDFD5CEF-5C8A-4379-A9C8-A025B6B80ADB}.Release|Any CPU.Build.0 = Release|Any CPU
		{C4246F92-EB27-4F8E-8537-E55166D1F5EB}.Debug|Any CPU.ActiveCfg = Debug|Any CPU
		{C4246F92-EB27-4F8E-8537-E55166D1F5EB}.Debug|Any CPU.Build.0 = Debug|Any CPU
		{C4246F92-EB27-4F8E-8537-E55166D1F5EB}.Release|Any CPU.ActiveCfg = Release|Any CPU
		{C4246F92-EB27-4F8E-8537-E55166D1F5EB}.Release|Any CPU.Build.0 = Release|Any CPU
		{F93B968A-3924-49D7-9FE6-E45B6AA61C1E}.Debug|Any CPU.ActiveCfg = Debug|Any CPU
		{F93B968A-3924-49D7-9FE6-E45B6AA61C1E}.Debug|Any CPU.Build.0 = Debug|Any CPU
		{F93B968A-3924-49D7-9FE6-E45B6AA61C1E}.Release|Any CPU.ActiveCfg = Release|Any CPU
		{F93B968A-3924-49D7-9FE6-E45B6AA61C1E}.Release|Any CPU.Build.0 = Release|Any CPU
	EndGlobalSection
	GlobalSection(SolutionProperties) = preSolution
		HideSolutionNode = FALSE
	EndGlobalSection
	GlobalSection(ExtensibilityGlobals) = postSolution
		SolutionGuid = {739F2E3B-097F-4C31-A8B0-E3A134464994}
	EndGlobalSection
EndGlobal
